
Microsoft Visual Studio Solution File, Format Version 12.00
# Visual Studio Version 17
VisualStudioVersion = 17.10.35004.147
MinimumVisualStudioVersion = 10.0.40219.1
Project("{9A19103F-16F7-4668-BE54-9A1E7A4F7556}") = "Todo.API", "Todo.API\Todo.API.csproj", "{184A50B1-0631-4238-906D-64F0C44B7722}"
EndProject
Project("{9A19103F-16F7-4668-BE54-9A1E7A4F7556}") = "Todo.Domain", "Todo.Domain\Todo.Domain.csproj", "{2B6FA7E3-1337-497E-A7C1-D316C05AD34B}"
EndProject
Project("{9A19103F-16F7-4668-BE54-9A1E7A4F7556}") = "Todo.Application", "Todo.Application\Todo.Application.csproj", "{9A4141B7-1787-4104-87EC-CDD5A43A44BB}"
EndProject
Project("{9A19103F-16F7-4668-BE54-9A1E7A4F7556}") = "Todo.Infrastructure", "Todo.Infrastructure\Todo.Infrastructure.csproj", "{A91A9FFB-8FAC-40C6-9E62-C78C1A7501E3}"
EndProject
Global
	GlobalSection(SolutionConfigurationPlatforms) = preSolution
		Debug|Any CPU = Debug|Any CPU
		Release|Any CPU = Release|Any CPU
	EndGlobalSection
	GlobalSection(ProjectConfigurationPlatforms) = postSolution
		{184A50B1-0631-4238-906D-64F0C44B7722}.Debug|Any CPU.ActiveCfg = Debug|Any CPU
		{184A50B1-0631-4238-906D-64F0C44B7722}.Debug|Any CPU.Build.0 = Debug|Any CPU
		{184A50B1-0631-4238-906D-64F0C44B7722}.Release|Any CPU.ActiveCfg = Release|Any CPU
		{184A50B1-0631-4238-906D-64F0C44B7722}.Release|Any CPU.Build.0 = Release|Any CPU
		{2B6FA7E3-1337-497E-A7C1-D316C05AD34B}.Debug|Any CPU.ActiveCfg = Debug|Any CPU
		{2B6FA7E3-1337-497E-A7C1-D316C05AD34B}.Debug|Any CPU.Build.0 = Debug|Any CPU
		{2B6FA7E3-1337-497E-A7C1-D316C05AD34B}.Release|Any CPU.ActiveCfg = Release|Any CPU
		{2B6FA7E3-1337-497E-A7C1-D316C05AD34B}.Release|Any CPU.Build.0 = Release|Any CPU
		{9A4141B7-1787-4104-87EC-CDD5A43A44BB}.Debug|Any CPU.ActiveCfg = Debug|Any CPU
		{9A4141B7-1787-4104-87EC-CDD5A43A44BB}.Debug|Any CPU.Build.0 = Debug|Any CPU
		{9A4141B7-1787-4104-87EC-CDD5A43A44BB}.Release|Any CPU.ActiveCfg = Release|Any CPU
		{9A4141B7-1787-4104-87EC-CDD5A43A44BB}.Release|Any CPU.Build.0 = Release|Any CPU
		{A91A9FFB-8FAC-40C6-9E62-C78C1A7501E3}.Debug|Any CPU.ActiveCfg = Debug|Any CPU
		{A91A9FFB-8FAC-40C6-9E62-C78C1A7501E3}.Debug|Any CPU.Build.0 = Debug|Any CPU
		{A91A9FFB-8FAC-40C6-9E62-C78C1A7501E3}.Release|Any CPU.ActiveCfg = Release|Any CPU
		{A91A9FFB-8FAC-40C6-9E62-C78C1A7501E3}.Release|Any CPU.Build.0 = Release|Any CPU
	EndGlobalSection
	GlobalSection(SolutionProperties) = preSolution
		HideSolutionNode = FALSE
	EndGlobalSection
	GlobalSection(ExtensibilityGlobals) = postSolution
		SolutionGuid = {BE714AAE-2E54-496D-ADA8-290F492B197E}
	EndGlobalSection
EndGlobal
